// !$*UTF8*$!
{
	archiveVersion = 1;
	classes = {
	};
	objectVersion = 50;
	objects = {

/* Begin PBXBuildFile section */
		4E490B8722142EA600A05561 /* AppDelegate.swift in Sources */ = {isa = PBXBuildFile; fileRef = 4E490B8622142EA600A05561 /* AppDelegate.swift */; };
		4E490B8922142EA600A05561 /* ViewController.swift in Sources */ = {isa = PBXBuildFile; fileRef = 4E490B8822142EA600A05561 /* ViewController.swift */; };
		4E490B8C22142EA600A05561 /* Main.storyboard in Resources */ = {isa = PBXBuildFile; fileRef = 4E490B8A22142EA600A05561 /* Main.storyboard */; };
		4E490B8E22142EA800A05561 /* Assets.xcassets in Resources */ = {isa = PBXBuildFile; fileRef = 4E490B8D22142EA800A05561 /* Assets.xcassets */; };
		4E490B9122142EA800A05561 /* LaunchScreen.storyboard in Resources */ = {isa = PBXBuildFile; fileRef = 4E490B8F22142EA800A05561 /* LaunchScreen.storyboard */; };
		4E490B9C22142EA800A05561 /* InternetTests.swift in Sources */ = {isa = PBXBuildFile; fileRef = 4E490B9B22142EA800A05561 /* InternetTests.swift */; };
		4E490BA722142EA800A05561 /* InternetUITests.swift in Sources */ = {isa = PBXBuildFile; fileRef = 4E490BA622142EA800A05561 /* InternetUITests.swift */; };
		4E490BB522142ECD00A05561 /* Reach.swift in Sources */ = {isa = PBXBuildFile; fileRef = 4E490BB422142ECD00A05561 /* Reach.swift */; };
/* End PBXBuildFile section */

/* Begin PBXContainerItemProxy section */
		4E490B9822142EA800A05561 /* PBXContainerItemProxy */ = {
			isa = PBXContainerItemProxy;
			containerPortal = 4E490B7B22142EA600A05561 /* Project object */;
			proxyType = 1;
			remoteGlobalIDString = 4E490B8222142EA600A05561;
			remoteInfo = Internet;
		};
		4E490BA322142EA800A05561 /* PBXContainerItemProxy */ = {
			isa = PBXContainerItemProxy;
			containerPortal = 4E490B7B22142EA600A05561 /* Project object */;
			proxyType = 1;
			remoteGlobalIDString = 4E490B8222142EA600A05561;
			remoteInfo = Internet;
		};
/* End PBXContainerItemProxy section */

/* Begin PBXFileReference section */
		4E490B8322142EA600A05561 /* Internet.app */ = {isa = PBXFileReference; explicitFileType = wrapper.application; includeInIndex = 0; path = Internet.app; sourceTree = BUILT_PRODUCTS_DIR; };
		4E490B8622142EA600A05561 /* AppDelegate.swift */ = {isa = PBXFileReference; lastKnownFileType = sourcecode.swift; path = AppDelegate.swift; sourceTree = "<group>"; };
		4E490B8822142EA600A05561 /* ViewController.swift */ = {isa = PBXFileReference; lastKnownFileType = sourcecode.swift; path = ViewController.swift; sourceTree = "<group>"; };
		4E490B8B22142EA600A05561 /* Base */ = {isa = PBXFileReference; lastKnownFileType = file.storyboard; name = Base; path = Base.lproj/Main.storyboard; sourceTree = "<group>"; };
		4E490B8D22142EA800A05561 /* Assets.xcassets */ = {isa = PBXFileReference; lastKnownFileType = folder.assetcatalog; path = Assets.xcassets; sourceTree = "<group>"; };
		4E490B9022142EA800A05561 /* Base */ = {isa = PBXFileReference; lastKnownFileType = file.storyboard; name = Base; path = Base.lproj/LaunchScreen.storyboard; sourceTree = "<group>"; };
		4E490B9222142EA800A05561 /* Info.plist */ = {isa = PBXFileReference; lastKnownFileType = text.plist.xml; path = Info.plist; sourceTree = "<group>"; };
		4E490B9722142EA800A05561 /* InternetTests.xctest */ = {isa = PBXFileReference; explicitFileType = wrapper.cfbundle; includeInIndex = 0; path = InternetTests.xctest; sourceTree = BUILT_PRODUCTS_DIR; };
		4E490B9B22142EA800A05561 /* InternetTests.swift */ = {isa = PBXFileReference; lastKnownFileType = sourcecode.swift; path = InternetTests.swift; sourceTree = "<group>"; };
		4E490B9D22142EA800A05561 /* Info.plist */ = {isa = PBXFileReference; lastKnownFileType = text.plist.xml; path = Info.plist; sourceTree = "<group>"; };
		4E490BA222142EA800A05561 /* InternetUITests.xctest */ = {isa = PBXFileReference; explicitFileType = wrapper.cfbundle; includeInIndex = 0; path = InternetUITests.xctest; sourceTree = BUILT_PRODUCTS_DIR; };
		4E490BA622142EA800A05561 /* InternetUITests.swift */ = {isa = PBXFileReference; lastKnownFileType = sourcecode.swift; path = InternetUITests.swift; sourceTree = "<group>"; };
		4E490BA822142EA800A05561 /* Info.plist */ = {isa = PBXFileReference; lastKnownFileType = text.plist.xml; path = Info.plist; sourceTree = "<group>"; };
		4E490BB422142ECD00A05561 /* Reach.swift */ = {isa = PBXFileReference; fileEncoding = 4; lastKnownFileType = sourcecode.swift; path = Reach.swift; sourceTree = "<group>"; };
/* End PBXFileReference section */

/* Begin PBXFrameworksBuildPhase section */
		4E490B8022142EA600A05561 /* Frameworks */ = {
			isa = PBXFrameworksBuildPhase;
			buildActionMask = 2147483647;
			files = (
			);
			runOnlyForDeploymentPostprocessing = 0;
		};
		4E490B9422142EA800A05561 /* Frameworks */ = {
			isa = PBXFrameworksBuildPhase;
			buildActionMask = 2147483647;
			files = (
			);
			runOnlyForDeploymentPostprocessing = 0;
		};
		4E490B9F22142EA800A05561 /* Frameworks */ = {
			isa = PBXFrameworksBuildPhase;
			buildActionMask = 2147483647;
			files = (
			);
			runOnlyForDeploymentPostprocessing = 0;
		};
/* End PBXFrameworksBuildPhase section */

/* Begin PBXGroup section */
		4E490B7A22142EA600A05561 = {
			isa = PBXGroup;
			children = (
				4E490B8522142EA600A05561 /* Internet */,
				4E490B9A22142EA800A05561 /* InternetTests */,
				4E490BA522142EA800A05561 /* InternetUITests */,
				4E490B8422142EA600A05561 /* Products */,
			);
			sourceTree = "<group>";
		};
		4E490B8422142EA600A05561 /* Products */ = {
			isa = PBXGroup;
			children = (
				4E490B8322142EA600A05561 /* Internet.app */,
				4E490B9722142EA800A05561 /* InternetTests.xctest */,
				4E490BA222142EA800A05561 /* InternetUITests.xctest */,
			);
			name = Products;
			sourceTree = "<group>";
		};
		4E490B8522142EA600A05561 /* Internet */ = {
			isa = PBXGroup;
			children = (
				4E490B8622142EA600A05561 /* AppDelegate.swift */,
				4E490B8822142EA600A05561 /* ViewController.swift */,
				4E490B8A22142EA600A05561 /* Main.storyboard */,
				4E490B8D22142EA800A05561 /* Assets.xcassets */,
				4E490B8F22142EA800A05561 /* LaunchScreen.storyboard */,
				4E490B9222142EA800A05561 /* Info.plist */,
				4E490BB422142ECD00A05561 /* Reach.swift */,
			);
			path = Internet;
			sourceTree = "<group>";
		};
		4E490B9A22142EA800A05561 /* InternetTests */ = {
			isa = PBXGroup;
			children = (
				4E490B9B22142EA800A05561 /* InternetTests.swift */,
				4E490B9D22142EA800A05561 /* Info.plist */,
			);
			path = InternetTests;
			sourceTree = "<group>";
		};
		4E490BA522142EA800A05561 /* InternetUITests */ = {
			isa = PBXGroup;
			children = (
				4E490BA622142EA800A05561 /* InternetUITests.swift */,
				4E490BA822142EA800A05561 /* Info.plist */,
			);
			path = InternetUITests;
			sourceTree = "<group>";
		};
/* End PBXGroup section */

/* Begin PBXNativeTarget section */
		4E490B8222142EA600A05561 /* Internet */ = {
			isa = PBXNativeTarget;
			buildConfigurationList = 4E490BAB22142EA800A05561 /* Build configuration list for PBXNativeTarget "Internet" */;
			buildPhases = (
				4E490B7F22142EA600A05561 /* Sources */,
				4E490B8022142EA600A05561 /* Frameworks */,
				4E490B8122142EA600A05561 /* Resources */,
			);
			buildRules = (
			);
			dependencies = (
			);
			name = Internet;
			productName = Internet;
			productReference = 4E490B8322142EA600A05561 /* Internet.app */;
			productType = "com.apple.product-type.application";
		};
		4E490B9622142EA800A05561 /* InternetTests */ = {
			isa = PBXNativeTarget;
			buildConfigurationList = 4E490BAE22142EA800A05561 /* Build configuration list for PBXNativeTarget "InternetTests" */;
			buildPhases = (
				4E490B9322142EA800A05561 /* Sources */,
				4E490B9422142EA800A05561 /* Frameworks */,
				4E490B9522142EA800A05561 /* Resources */,
			);
			buildRules = (
			);
			dependencies = (
				4E490B9922142EA800A05561 /* PBXTargetDependency */,
			);
			name = InternetTests;
			productName = InternetTests;
			productReference = 4E490B9722142EA800A05561 /* InternetTests.xctest */;
			productType = "com.apple.product-type.bundle.unit-test";
		};
		4E490BA122142EA800A05561 /* InternetUITests */ = {
			isa = PBXNativeTarget;
			buildConfigurationList = 4E490BB122142EA800A05561 /* Build configuration list for PBXNativeTarget "InternetUITests" */;
			buildPhases = (
				4E490B9E22142EA800A05561 /* Sources */,
				4E490B9F22142EA800A05561 /* Frameworks */,
				4E490BA022142EA800A05561 /* Resources */,
			);
			buildRules = (
			);
			dependencies = (
				4E490BA422142EA800A05561 /* PBXTargetDependency */,
			);
			name = InternetUITests;
			productName = InternetUITests;
			productReference = 4E490BA222142EA800A05561 /* InternetUITests.xctest */;
			productType = "com.apple.product-type.bundle.ui-testing";
		};
/* End PBXNativeTarget section */

/* Begin PBXProject section */
		4E490B7B22142EA600A05561 /* Project object */ = {
			isa = PBXProject;
			attributes = {
				LastSwiftUpdateCheck = 1010;
				LastUpgradeCheck = 1010;
				ORGANIZATIONNAME = Joana;
				TargetAttributes = {
					4E490B8222142EA600A05561 = {
						CreatedOnToolsVersion = 10.1;
					};
					4E490B9622142EA800A05561 = {
						CreatedOnToolsVersion = 10.1;
						TestTargetID = 4E490B8222142EA600A05561;
					};
					4E490BA122142EA800A05561 = {
						CreatedOnToolsVersion = 10.1;
						TestTargetID = 4E490B8222142EA600A05561;
					};
				};
			};
			buildConfigurationList = 4E490B7E22142EA600A05561 /* Build configuration list for PBXProject "Internet" */;
			compatibilityVersion = "Xcode 9.3";
			developmentRegion = en;
			hasScannedForEncodings = 0;
			knownRegions = (
				en,
				Base,
			);
			mainGroup = 4E490B7A22142EA600A05561;
			productRefGroup = 4E490B8422142EA600A05561 /* Products */;
			projectDirPath = "";
			projectRoot = "";
			targets = (
				4E490B8222142EA600A05561 /* Internet */,
				4E490B9622142EA800A05561 /* InternetTests */,
				4E490BA122142EA800A05561 /* InternetUITests */,
			);
		};
/* End PBXProject section */

/* Begin PBXResourcesBuildPhase section */
		4E490B8122142EA600A05561 /* Resources */ = {
			isa = PBXResourcesBuildPhase;
			buildActionMask = 2147483647;
			files = (
				4E490B9122142EA800A05561 /* LaunchScreen.storyboard in Resources */,
				4E490B8E22142EA800A05561 /* Assets.xcassets in Resources */,
				4E490B8C22142EA600A05561 /* Main.storyboard in Resources */,
			);
			runOnlyForDeploymentPostprocessing = 0;
		};
		4E490B9522142EA800A05561 /* Resources */ = {
			isa = PBXResourcesBuildPhase;
			buildActionMask = 2147483647;
			files = (
			);
			runOnlyForDeploymentPostprocessing = 0;
		};
		4E490BA022142EA800A05561 /* Resources */ = {
			isa = PBXResourcesBuildPhase;
			buildActionMask = 2147483647;
			files = (
			);
			runOnlyForDeploymentPostprocessing = 0;
		};
/* End PBXResourcesBuildPhase section */

/* Begin PBXSourcesBuildPhase section */
		4E490B7F22142EA600A05561 /* Sources */ = {
			isa = PBXSourcesBuildPhase;
			buildActionMask = 2147483647;
			files = (
				4E490B8922142EA600A05561 /* ViewController.swift in Sources */,
				4E490BB522142ECD00A05561 /* Reach.swift in Sources */,
				4E490B8722142EA600A05561 /* AppDelegate.swift in Sources */,
			);
			runOnlyForDeploymentPostprocessing = 0;
		};
		4E490B9322142EA800A05561 /* Sources */ = {
			isa = PBXSourcesBuildPhase;
			buildActionMask = 2147483647;
			files = (
				4E490B9C22142EA800A05561 /* InternetTests.swift in Sources */,
			);
			runOnlyForDeploymentPostprocessing = 0;
		};
		4E490B9E22142EA800A05561 /* Sources */ = {
			isa = PBXSourcesBuildPhase;
			buildActionMask = 2147483647;
			files = (
				4E490BA722142EA800A05561 /* InternetUITests.swift in Sources */,
			);
			runOnlyForDeploymentPostprocessing = 0;
		};
/* End PBXSourcesBuildPhase section */

/* Begin PBXTargetDependency section */
		4E490B9922142EA800A05561 /* PBXTargetDependency */ = {
			isa = PBXTargetDependency;
			target = 4E490B8222142EA600A05561 /* Internet */;
			targetProxy = 4E490B9822142EA800A05561 /* PBXContainerItemProxy */;
		};
		4E490BA422142EA800A05561 /* PBXTargetDependency */ = {
			isa = PBXTargetDependency;
			target = 4E490B8222142EA600A05561 /* Internet */;
			targetProxy = 4E490BA322142EA800A05561 /* PBXContainerItemProxy */;
		};
/* End PBXTargetDependency section */

/* Begin PBXVariantGroup section */
		4E490B8A22142EA600A05561 /* Main.storyboard */ = {
			isa = PBXVariantGroup;
			children = (
				4E490B8B22142EA600A05561 /* Base */,
			);
			name = Main.storyboard;
			sourceTree = "<group>";
		};
		4E490B8F22142EA800A05561 /* LaunchScreen.storyboard */ = {
			isa = PBXVariantGroup;
			children = (
				4E490B9022142EA800A05561 /* Base */,
			);
			name = LaunchScreen.storyboard;
			sourceTree = "<group>";
		};
/* End PBXVariantGroup section */

/* Begin XCBuildConfiguration section */
		4E490BA922142EA800A05561 /* Debug */ = {
			isa = XCBuildConfiguration;
			buildSettings = {
				ALWAYS_SEARCH_USER_PATHS = NO;
				CLANG_ANALYZER_NONNULL = YES;
				CLANG_ANALYZER_NUMBER_OBJECT_CONVERSION = YES_AGGRESSIVE;
				CLANG_CXX_LANGUAGE_STANDARD = "gnu++14";
				CLANG_CXX_LIBRARY = "libc++";
				CLANG_ENABLE_MODULES = YES;
				CLANG_ENABLE_OBJC_ARC = YES;
				CLANG_ENABLE_OBJC_WEAK = YES;
				CLANG_WARN_BLOCK_CAPTURE_AUTORELEASING = YES;
				CLANG_WARN_BOOL_CONVERSION = YES;
				CLANG_WARN_COMMA = YES;
				CLANG_WARN_CONSTANT_CONVERSION = YES;
				CLANG_WARN_DEPRECATED_OBJC_IMPLEMENTATIONS = YES;
				CLANG_WARN_DIRECT_OBJC_ISA_USAGE = YES_ERROR;
				CLANG_WARN_DOCUMENTATION_COMMENTS = YES;
				CLANG_WARN_EMPTY_BODY = YES;
				CLANG_WARN_ENUM_CONVERSION = YES;
				CLANG_WARN_INFINITE_RECURSION = YES;
				CLANG_WARN_INT_CONVERSION = YES;
				CLANG_WARN_NON_LITERAL_NULL_CONVERSION = YES;
				CLANG_WARN_OBJC_IMPLICIT_RETAIN_SELF = YES;
				CLANG_WARN_OBJC_LITERAL_CONVERSION = YES;
				CLANG_WARN_OBJC_ROOT_CLASS = YES_ERROR;
				CLANG_WARN_RANGE_LOOP_ANALYSIS = YES;
				CLANG_WARN_STRICT_PROTOTYPES = YES;
				CLANG_WARN_SUSPICIOUS_MOVE = YES;
				CLANG_WARN_UNGUARDED_AVAILABILITY = YES_AGGRESSIVE;
				CLANG_WARN_UNREACHABLE_CODE = YES;
				CLANG_WARN__DUPLICATE_METHOD_MATCH = YES;
				CODE_SIGN_IDENTITY = "iPhone Developer";
				COPY_PHASE_STRIP = NO;
				DEBUG_INFORMATION_FORMAT = dwarf;
				ENABLE_STRICT_OBJC_MSGSEND = YES;
				ENABLE_TESTABILITY = YES;
				GCC_C_LANGUAGE_STANDARD = gnu11;
				GCC_DYNAMIC_NO_PIC = NO;
				GCC_NO_COMMON_BLOCKS = YES;
				GCC_OPTIMIZATION_LEVEL = 0;
				GCC_PREPROCESSOR_DEFINITIONS = (
					"DEBUG=1",
					"$(inherited)",
				);
				GCC_WARN_64_TO_32_BIT_CONVERSION = YES;
				GCC_WARN_ABOUT_RETURN_TYPE = YES_ERROR;
				GCC_WARN_UNDECLARED_SELECTOR = YES;
				GCC_WARN_UNINITIALIZED_AUTOS = YES_AGGRESSIVE;
				GCC_WARN_UNUSED_FUNCTION = YES;
				GCC_WARN_UNUSED_VARIABLE = YES;
				IPHONEOS_DEPLOYMENT_TARGET = 12.1;
				MTL_ENABLE_DEBUG_INFO = INCLUDE_SOURCE;
				MTL_FAST_MATH = YES;
				ONLY_ACTIVE_ARCH = YES;
				SDKROOT = iphoneos;
				SWIFT_ACTIVE_COMPILATION_CONDITIONS = DEBUG;
				SWIFT_OPTIMIZATION_LEVEL = "-Onone";
			};
			name = Debug;
		};
		4E490BAA22142EA800A05561 /* Release */ = {
			isa = XCBuildConfiguration;
			buildSettings = {
				ALWAYS_SEARCH_USER_PATHS = NO;
				CLANG_ANALYZER_NONNULL = YES;
				CLANG_ANALYZER_NUMBER_OBJECT_CONVERSION = YES_AGGRESSIVE;
				CLANG_CXX_LANGUAGE_STANDARD = "gnu++14";
				CLANG_CXX_LIBRARY = "libc++";
				CLANG_ENABLE_MODULES = YES;
				CLANG_ENABLE_OBJC_ARC = YES;
				CLANG_ENABLE_OBJC_WEAK = YES;
				CLANG_WARN_BLOCK_CAPTURE_AUTORELEASING = YES;
				CLANG_WARN_BOOL_CONVERSION = YES;
				CLANG_WARN_COMMA = YES;
				CLANG_WARN_CONSTANT_CONVERSION = YES;
				CLANG_WARN_DEPRECATED_OBJC_IMPLEMENTATIONS = YES;
				CLANG_WARN_DIRECT_OBJC_ISA_USAGE = YES_ERROR;
				CLANG_WARN_DOCUMENTATION_COMMENTS = YES;
				CLANG_WARN_EMPTY_BODY = YES;
				CLANG_WARN_ENUM_CONVERSION = YES;
				CLANG_WARN_INFINITE_RECURSION = YES;
				CLANG_WARN_INT_CONVERSION = YES;
				CLANG_WARN_NON_LITERAL_NULL_CONVERSION = YES;
				CLANG_WARN_OBJC_IMPLICIT_RETAIN_SELF = YES;
				CLANG_WARN_OBJC_LITERAL_CONVERSION = YES;
				CLANG_WARN_OBJC_ROOT_CLASS = YES_ERROR;
				CLANG_WARN_RANGE_LOOP_ANALYSIS = YES;
				CLANG_WARN_STRICT_PROTOTYPES = YES;
				CLANG_WARN_SUSPICIOUS_MOVE = YES;
				CLANG_WARN_UNGUARDED_AVAILABILITY = YES_AGGRESSIVE;
				CLANG_WARN_UNREACHABLE_CODE = YES;
				CLANG_WARN__DUPLICATE_METHOD_MATCH = YES;
				CODE_SIGN_IDENTITY = "iPhone Developer";
				COPY_PHASE_STRIP = NO;
				DEBUG_INFORMATION_FORMAT = "dwarf-with-dsym";
				ENABLE_NS_ASSERTIONS = NO;
				ENABLE_STRICT_OBJC_MSGSEND = YES;
				GCC_C_LANGUAGE_STANDARD = gnu11;
				GCC_NO_COMMON_BLOCKS = YES;
				GCC_WARN_64_TO_32_BIT_CONVERSION = YES;
				GCC_WARN_ABOUT_RETURN_TYPE = YES_ERROR;
				GCC_WARN_UNDECLARED_SELECTOR = YES;
				GCC_WARN_UNINITIALIZED_AUTOS = YES_AGGRESSIVE;
				GCC_WARN_UNUSED_FUNCTION = YES;
				GCC_WARN_UNUSED_VARIABLE = YES;
				IPHONEOS_DEPLOYMENT_TARGET = 12.1;
				MTL_ENABLE_DEBUG_INFO = NO;
				MTL_FAST_MATH = YES;
				SDKROOT = iphoneos;
				SWIFT_COMPILATION_MODE = wholemodule;
				SWIFT_OPTIMIZATION_LEVEL = "-O";
				VALIDATE_PRODUCT = YES;
			};
			name = Release;
		};
		4E490BAC22142EA800A05561 /* Debug */ = {
			isa = XCBuildConfiguration;
			buildSettings = {
				ASSETCATALOG_COMPILER_APPICON_NAME = AppIcon;
				CODE_SIGN_STYLE = Automatic;
				DEVELOPMENT_TEAM = 3F8WFYZP8T;
				INFOPLIST_FILE = Internet/Info.plist;
				LD_RUNPATH_SEARCH_PATHS = (
					"$(inherited)",
					"@executable_path/Frameworks",
				);
				PRODUCT_BUNDLE_IDENTIFIER = com.megamobile.Internet;
				PRODUCT_NAME = "$(TARGET_NAME)";
				SWIFT_VERSION = 4.2;
				TARGETED_DEVICE_FAMILY = "1,2";
			};
			name = Debug;
		};
		4E490BAD22142EA800A05561 /* Release */ = {
			isa = XCBuildConfiguration;
			buildSettings = {
				ASSETCATALOG_COMPILER_APPICON_NAME = AppIcon;
				CODE_SIGN_STYLE = Automatic;
				DEVELOPMENT_TEAM = 3F8WFYZP8T;
				INFOPLIST_FILE = Internet/Info.plist;
				LD_RUNPATH_SEARCH_PATHS = (
					"$(inherited)",
					"@executable_path/Frameworks",
				);
				PRODUCT_BUNDLE_IDENTIFIER = com.megamobile.Internet;
				PRODUCT_NAME = "$(TARGET_NAME)";
				SWIFT_VERSION = 4.2;
				TARGETED_DEVICE_FAMILY = "1,2";
			};
			name = Release;
		};
		4E490BAF22142EA800A05561 /* Debug */ = {
			isa = XCBuildConfiguration;
			buildSettings = {
				ALWAYS_EMBED_SWIFT_STANDARD_LIBRARIES = YES;
				BUNDLE_LOADER = "$(TEST_HOST)";
				CODE_SIGN_STYLE = Automatic;
				DEVELOPMENT_TEAM = 3F8WFYZP8T;
				INFOPLIST_FILE = InternetTests/Info.plist;
				LD_RUNPATH_SEARCH_PATHS = (
					"$(inherited)",
					"@executable_path/Frameworks",
					"@loader_path/Frameworks",
				);
				PRODUCT_BUNDLE_IDENTIFIER = com.megamobile.InternetTests;
				PRODUCT_NAME = "$(TARGET_NAME)";
				SWIFT_VERSION = 4.2;
				TARGETED_DEVICE_FAMILY = "1,2";
				TEST_HOST = "$(BUILT_PRODUCTS_DIR)/Internet.app/Internet";
			};
			name = Debug;
		};
		4E490BB022142EA800A05561 /* Release */ = {
			isa = XCBuildConfiguration;
			buildSettings = {
				ALWAYS_EMBED_SWIFT_STANDARD_LIBRARIES = YES;
				BUNDLE_LOADER = "$(TEST_HOST)";
				CODE_SIGN_STYLE = Automatic;
				DEVELOPMENT_TEAM = 3F8WFYZP8T;
				INFOPLIST_FILE = InternetTests/Info.plist;
				LD_RUNPATH_SEARCH_PATHS = (
					"$(inherited)",
					"@executable_path/Frameworks",
					"@loader_path/Frameworks",
				);
				PRODUCT_BUNDLE_IDENTIFIER = com.megamobile.InternetTests;
				PRODUCT_NAME = "$(TARGET_NAME)";
				SWIFT_VERSION = 4.2;
				TARGETED_DEVICE_FAMILY = "1,2";
				TEST_HOST = "$(BUILT_PRODUCTS_DIR)/Internet.app/Internet";
			};
			name = Release;
		};
		4E490BB222142EA800A05561 /* Debug */ = {
			isa = XCBuildConfiguration;
			buildSettings = {
				ALWAYS_EMBED_SWIFT_STANDARD_LIBRARIES = YES;
				CODE_SIGN_STYLE = Automatic;
				DEVELOPMENT_TEAM = 3F8WFYZP8T;
				INFOPLIST_FILE = InternetUITests/Info.plist;
				LD_RUNPATH_SEARCH_PATHS = (
					"$(inherited)",
					"@executable_path/Frameworks",
					"@loader_path/Frameworks",
				);
				PRODUCT_BUNDLE_IDENTIFIER = com.megamobile.InternetUITests;
				PRODUCT_NAME = "$(TARGET_NAME)";
				SWIFT_VERSION = 4.2;
				TARGETED_DEVICE_FAMILY = "1,2";
				TEST_TARGET_NAME = Internet;
			};
			name = Debug;
		};
		4E490BB322142EA800A05561 /* Release */ = {
			isa = XCBuildConfiguration;
			buildSettings = {
				ALWAYS_EMBED_SWIFT_STANDARD_LIBRARIES = YES;
				CODE_SIGN_STYLE = Automatic;
				DEVELOPMENT_TEAM = 3F8WFYZP8T;
				INFOPLIST_FILE = InternetUITests/Info.plist;
				LD_RUNPATH_SEARCH_PATHS = (
					"$(inherited)",
					"@executable_path/Frameworks",
					"@loader_path/Frameworks",
				);
				PRODUCT_BUNDLE_IDENTIFIER = com.megamobile.InternetUITests;
				PRODUCT_NAME = "$(TARGET_NAME)";
				SWIFT_VERSION = 4.2;
				TARGETED_DEVICE_FAMILY = "1,2";
				TEST_TARGET_NAME = Internet;
			};
			name = Release;
		};
/* End XCBuildConfiguration section */

/* Begin XCConfigurationList section */
		4E490B7E22142EA600A05561 /* Build configuration list for PBXProject "Internet" */ = {
			isa = XCConfigurationList;
			buildConfigurations = (
				4E490BA922142EA800A05561 /* Debug */,
				4E490BAA22142EA800A05561 /* Release */,
			);
			defaultConfigurationIsVisible = 0;
			defaultConfigurationName = Release;
		};
		4E490BAB22142EA800A05561 /* Build configuration list for PBXNativeTarget "Internet" */ = {
			isa = XCConfigurationList;
			buildConfigurations = (
				4E490BAC22142EA800A05561 /* Debug */,
				4E490BAD22142EA800A05561 /* Release */,
			);
			defaultConfigurationIsVisible = 0;
			defaultConfigurationName = Release;
		};
		4E490BAE22142EA800A05561 /* Build configuration list for PBXNativeTarget "InternetTests" */ = {
			isa = XCConfigurationList;
			buildConfigurations = (
				4E490BAF22142EA800A05561 /* Debug */,
				4E490BB022142EA800A05561 /* Release */,
			);
			defaultConfigurationIsVisible = 0;
			defaultConfigurationName = Release;
		};
		4E490BB122142EA800A05561 /* Build configuration list for PBXNativeTarget "InternetUITests" */ = {
			isa = XCConfigurationList;
			buildConfigurations = (
				4E490BB222142EA800A05561 /* Debug */,
				4E490BB322142EA800A05561 /* Release */,
			);
			defaultConfigurationIsVisible = 0;
			defaultConfigurationName = Release;
		};
/* End XCConfigurationList section */
	};
	rootObject = 4E490B7B22142EA600A05561 /* Project object */;
}
